
Microsoft Visual Studio Solution File, Format Version 12.00
# Visual Studio 2012
Project("{FAE04EC0-301F-11D3-BF4B-00C04F79EFBC}") = "PSActivity", "PSActivity\PSActivity.csproj", "{83EE77EF-A8E0-40F8-B8FF-0836AD42F374}"
EndProject
Project("{FAE04EC0-301F-11D3-BF4B-00C04F79EFBC}") = "PSAdapter", "PSAdapter\PSAdapter.csproj", "{9DDD0BC1-7ADA-490E-9B33-32C448954A8D}"
EndProject
Global
	GlobalSection(TeamFoundationVersionControl) = preSolution
		SccNumberOfProjects = 3
		SccEnterpriseProvider = {4CA58AB2-18FA-4F8D-95D4-32DDF27D184C}
		SccTeamFoundationServer = https://tfs.codeplex.com/tfs/tfs32
		SccLocalPath0 = .
		SccProjectUniqueName1 = PSActivity\\PSActivity.csproj
		SccProjectName1 = PSActivity
		SccLocalPath1 = PSActivity
		SccProjectUniqueName2 = PSAdapter\\PSAdapter.csproj
		SccProjectName2 = PSAdapter
		SccLocalPath2 = PSAdapter
	EndGlobalSection
	GlobalSection(SolutionConfigurationPlatforms) = preSolution
		Debug|Any CPU = Debug|Any CPU
		Release|Any CPU = Release|Any CPU
	EndGlobalSection
	GlobalSection(ProjectConfigurationPlatforms) = postSolution
		{83EE77EF-A8E0-40F8-B8FF-0836AD42F374}.Debug|Any CPU.ActiveCfg = Debug|Any CPU
		{83EE77EF-A8E0-40F8-B8FF-0836AD42F374}.Debug|Any CPU.Build.0 = Debug|Any CPU
		{83EE77EF-A8E0-40F8-B8FF-0836AD42F374}.Release|Any CPU.ActiveCfg = Release|Any CPU
		{83EE77EF-A8E0-40F8-B8FF-0836AD42F374}.Release|Any CPU.Build.0 = Release|Any CPU
		{9DDD0BC1-7ADA-490E-9B33-32C448954A8D}.Debug|Any CPU.ActiveCfg = Debug|Any CPU
		{9DDD0BC1-7ADA-490E-9B33-32C448954A8D}.Debug|Any CPU.Build.0 = Debug|Any CPU
		{9DDD0BC1-7ADA-490E-9B33-32C448954A8D}.Debug|Any CPU.Deploy.0 = Debug|Any CPU
		{9DDD0BC1-7ADA-490E-9B33-32C448954A8D}.Release|Any CPU.ActiveCfg = Release|Any CPU
		{9DDD0BC1-7ADA-490E-9B33-32C448954A8D}.Release|Any CPU.Build.0 = Release|Any CPU
		{9DDD0BC1-7ADA-490E-9B33-32C448954A8D}.Release|Any CPU.Deploy.0 = Release|Any CPU
	EndGlobalSection
	GlobalSection(SolutionProperties) = preSolution
		HideSolutionNode = FALSE
	EndGlobalSection
EndGlobal
